
Microsoft Visual Studio Solution File, Format Version 12.00
# Visual Studio Version 16
VisualStudioVersion = 16.0.29728.190
MinimumVisualStudioVersion = 10.0.40219.1
Project("{FAE04EC0-301F-11D3-BF4B-00C04F79EFBC}") = "SuperAdventure", "SuperAdventure.csproj", "{43F76298-63C6-445A-8666-39F34D81991B}"
EndProject
Project("{FAE04EC0-301F-11D3-BF4B-00C04F79EFBC}") = "Engine", "Engine\Engine.csproj", "{3219C852-36E8-496A-8A1D-025383E8B60C}"
EndProject
Global
	GlobalSection(SolutionConfigurationPlatforms) = preSolution
		Debug|Any CPU = Debug|Any CPU
		Release|Any CPU = Release|Any CPU
	EndGlobalSection
	GlobalSection(ProjectConfigurationPlatforms) = postSolution
		{43F76298-63C6-445A-8666-39F34D81991B}.Debug|Any CPU.ActiveCfg = Debug|Any CPU
		{43F76298-63C6-445A-8666-39F34D81991B}.Debug|Any CPU.Build.0 = Debug|Any CPU
		{43F76298-63C6-445A-8666-39F34D81991B}.Release|Any CPU.ActiveCfg = Release|Any CPU
		{43F76298-63C6-445A-8666-39F34D81991B}.Release|Any CPU.Build.0 = Release|Any CPU
		{3219C852-36E8-496A-8A1D-025383E8B60C}.Debug|Any CPU.ActiveCfg = Debug|Any CPU
		{3219C852-36E8-496A-8A1D-025383E8B60C}.Debug|Any CPU.Build.0 = Debug|Any CPU
		{3219C852-36E8-496A-8A1D-025383E8B60C}.Release|Any CPU.ActiveCfg = Release|Any CPU
		{3219C852-36E8-496A-8A1D-025383E8B60C}.Release|Any CPU.Build.0 = Release|Any CPU
	EndGlobalSection
	GlobalSection(SolutionProperties) = preSolution
		HideSolutionNode = FALSE
	EndGlobalSection
	GlobalSection(ExtensibilityGlobals) = postSolution
		SolutionGuid = {0F5A9BA0-201F-4BC0-A745-D00CA4F99952}
	EndGlobalSection
EndGlobal
